
Microsoft Visual Studio Solution File, Format Version 12.00
# Visual Studio Version 17
VisualStudioVersion = 17.0.31612.314
MinimumVisualStudioVersion = 10.0.40219.1
Project("{FAE04EC0-301F-11D3-BF4B-00C04F79EFBC}") = "HotelListing", "HotelListing\HotelListing.csproj", "{45D2ADCE-A36B-4951-9D3F-97E2E2C46094}"
EndProject
Global
	GlobalSection(SolutionConfigurationPlatforms) = preSolution
		Debug|Any CPU = Debug|Any CPU
		Release|Any CPU = Release|Any CPU
	EndGlobalSection
	GlobalSection(ProjectConfigurationPlatforms) = postSolution
		{45D2ADCE-A36B-4951-9D3F-97E2E2C46094}.Debug|Any CPU.ActiveCfg = Debug|Any CPU
		{45D2ADCE-A36B-4951-9D3F-97E2E2C46094}.Debug|Any CPU.Build.0 = Debug|Any CPU
		{45D2ADCE-A36B-4951-9D3F-97E2E2C46094}.Release|Any CPU.ActiveCfg = Release|Any CPU
		{45D2ADCE-A36B-4951-9D3F-97E2E2C46094}.Release|Any CPU.Build.0 = Release|Any CPU
	EndGlobalSection
	GlobalSection(SolutionProperties) = preSolution
		HideSolutionNode = FALSE
	EndGlobalSection
	GlobalSection(ExtensibilityGlobals) = postSolution
		SolutionGuid = {DDE16563-5381-4708-AC39-72FFF7807F9A}
	EndGlobalSection
EndGlobal
